
Microsoft Visual Studio Solution File, Format Version 12.00
# Visual Studio Version 16
VisualStudioVersion = 16.0.31729.503
MinimumVisualStudioVersion = 10.0.40219.1
Project("{FAE04EC0-301F-11D3-BF4B-00C04F79EFBC}") = "Lab1", "Lab1\Lab1.csproj", "{BE1EB9F0-7354-4342-8DE0-3907C12B3866}"
EndProject
Global
	GlobalSection(SolutionConfigurationPlatforms) = preSolution
		Debug|Any CPU = Debug|Any CPU
		Release|Any CPU = Release|Any CPU
	EndGlobalSection
	GlobalSection(ProjectConfigurationPlatforms) = postSolution
		{BE1EB9F0-7354-4342-8DE0-3907C12B3866}.Debug|Any CPU.ActiveCfg = Debug|Any CPU
		{BE1EB9F0-7354-4342-8DE0-3907C12B3866}.Debug|Any CPU.Build.0 = Debug|Any CPU
		{BE1EB9F0-7354-4342-8DE0-3907C12B3866}.Release|Any CPU.ActiveCfg = Release|Any CPU
		{BE1EB9F0-7354-4342-8DE0-3907C12B3866}.Release|Any CPU.Build.0 = Release|Any CPU
	EndGlobalSection
	GlobalSection(SolutionProperties) = preSolution
		HideSolutionNode = FALSE
	EndGlobalSection
	GlobalSection(ExtensibilityGlobals) = postSolution
		SolutionGuid = {C062D8DD-B00B-42A5-9AB2-2B86F7E6817A}
	EndGlobalSection
EndGlobal
